
Microsoft Visual Studio Solution File, Format Version 12.00
# Visual Studio Version 16
VisualStudioVersion = 16.0.31624.102
MinimumVisualStudioVersion = 10.0.40219.1
Project("{FAE04EC0-301F-11D3-BF4B-00C04F79EFBC}") = "Lab_6Nasledy", "Lab_6Nasledy.csproj", "{042071FA-7FE3-4953-BE27-5C4367A1AE5D}"
EndProject
Global
	GlobalSection(SolutionConfigurationPlatforms) = preSolution
		Debug|Any CPU = Debug|Any CPU
		Release|Any CPU = Release|Any CPU
	EndGlobalSection
	GlobalSection(ProjectConfigurationPlatforms) = postSolution
		{042071FA-7FE3-4953-BE27-5C4367A1AE5D}.Debug|Any CPU.ActiveCfg = Debug|Any CPU
		{042071FA-7FE3-4953-BE27-5C4367A1AE5D}.Debug|Any CPU.Build.0 = Debug|Any CPU
		{042071FA-7FE3-4953-BE27-5C4367A1AE5D}.Release|Any CPU.ActiveCfg = Release|Any CPU
		{042071FA-7FE3-4953-BE27-5C4367A1AE5D}.Release|Any CPU.Build.0 = Release|Any CPU
	EndGlobalSection
	GlobalSection(SolutionProperties) = preSolution
		HideSolutionNode = FALSE
	EndGlobalSection
	GlobalSection(ExtensibilityGlobals) = postSolution
		SolutionGuid = {4CC428AC-3208-4AA0-9219-EDD91744DD92}
	EndGlobalSection
EndGlobal
